
Microsoft Visual Studio Solution File, Format Version 12.00
# Visual Studio Version 16
VisualStudioVersion = 16.0.30523.141
MinimumVisualStudioVersion = 10.0.40219.1
Project("{FAE04EC0-301F-11D3-BF4B-00C04F79EFBC}") = "Proiect_Medii", "Proiect_Medii.csproj", "{8E462DE0-DA43-4D0F-A793-34C75A33A718}"
EndProject
Project("{FAE04EC0-301F-11D3-BF4B-00C04F79EFBC}") = "EvidentaModel", "EvidentaModel\EvidentaModel.csproj", "{0BBC3A6F-A09E-4D74-98B8-24E81312E8CA}"
EndProject
Global
	GlobalSection(SolutionConfigurationPlatforms) = preSolution
		Debug|Any CPU = Debug|Any CPU
		Release|Any CPU = Release|Any CPU
	EndGlobalSection
	GlobalSection(ProjectConfigurationPlatforms) = postSolution
		{8E462DE0-DA43-4D0F-A793-34C75A33A718}.Debug|Any CPU.ActiveCfg = Debug|Any CPU
		{8E462DE0-DA43-4D0F-A793-34C75A33A718}.Debug|Any CPU.Build.0 = Debug|Any CPU
		{8E462DE0-DA43-4D0F-A793-34C75A33A718}.Release|Any CPU.ActiveCfg = Release|Any CPU
		{8E462DE0-DA43-4D0F-A793-34C75A33A718}.Release|Any CPU.Build.0 = Release|Any CPU
		{0BBC3A6F-A09E-4D74-98B8-24E81312E8CA}.Debug|Any CPU.ActiveCfg = Debug|Any CPU
		{0BBC3A6F-A09E-4D74-98B8-24E81312E8CA}.Debug|Any CPU.Build.0 = Debug|Any CPU
		{0BBC3A6F-A09E-4D74-98B8-24E81312E8CA}.Release|Any CPU.ActiveCfg = Release|Any CPU
		{0BBC3A6F-A09E-4D74-98B8-24E81312E8CA}.Release|Any CPU.Build.0 = Release|Any CPU
	EndGlobalSection
	GlobalSection(SolutionProperties) = preSolution
		HideSolutionNode = FALSE
	EndGlobalSection
	GlobalSection(ExtensibilityGlobals) = postSolution
		SolutionGuid = {1841C2BA-03FD-4906-AEC6-17B6437001AA}
	EndGlobalSection
EndGlobal
